
Microsoft Visual Studio Solution File, Format Version 12.00
# Visual Studio Version 16
VisualStudioVersion = 16.0.29509.3
MinimumVisualStudioVersion = 10.0.40219.1
Project("{9A19103F-16F7-4668-BE54-9A1E7A4F7556}") = "RoboDkApi", "RoboDkApi\RoboDkApi.csproj", "{B5C45943-28A5-4142-9033-92E3D51ADF24}"
EndProject
Project("{FAE04EC0-301F-11D3-BF4B-00C04F79EFBC}") = "TesterProject", "TesterProject\TesterProject.csproj", "{42DD8452-060E-49AD-865D-6593B3114F94}"
EndProject
Global
	GlobalSection(SolutionConfigurationPlatforms) = preSolution
		Debug|Any CPU = Debug|Any CPU
		Release|Any CPU = Release|Any CPU
	EndGlobalSection
	GlobalSection(ProjectConfigurationPlatforms) = postSolution
		{B5C45943-28A5-4142-9033-92E3D51ADF24}.Debug|Any CPU.ActiveCfg = Debug|Any CPU
		{B5C45943-28A5-4142-9033-92E3D51ADF24}.Debug|Any CPU.Build.0 = Debug|Any CPU
		{B5C45943-28A5-4142-9033-92E3D51ADF24}.Release|Any CPU.ActiveCfg = Release|Any CPU
		{B5C45943-28A5-4142-9033-92E3D51ADF24}.Release|Any CPU.Build.0 = Release|Any CPU
		{42DD8452-060E-49AD-865D-6593B3114F94}.Debug|Any CPU.ActiveCfg = Debug|Any CPU
		{42DD8452-060E-49AD-865D-6593B3114F94}.Debug|Any CPU.Build.0 = Debug|Any CPU
		{42DD8452-060E-49AD-865D-6593B3114F94}.Release|Any CPU.ActiveCfg = Release|Any CPU
		{42DD8452-060E-49AD-865D-6593B3114F94}.Release|Any CPU.Build.0 = Release|Any CPU
	EndGlobalSection
	GlobalSection(SolutionProperties) = preSolution
		HideSolutionNode = FALSE
	EndGlobalSection
	GlobalSection(ExtensibilityGlobals) = postSolution
		SolutionGuid = {34386EF1-2765-48D2-926C-16ABC99F2C7A}
	EndGlobalSection
EndGlobal
